// !$*UTF8*$!
{
	archiveVersion = 1;
	classes = {
	};
	objectVersion = 48;
	objects = {

/* Begin PBXBuildFile section */
		0111B1661FBA334F003CBD9B /* DFIngredientCellViewModel.swift in Sources */ = {isa = PBXBuildFile; fileRef = 0111B1651FBA334F003CBD9B /* DFIngredientCellViewModel.swift */; };
		0111B1681FBA3A21003CBD9B /* DFIngredientModelBuilder.swift in Sources */ = {isa = PBXBuildFile; fileRef = 0111B1671FBA3A21003CBD9B /* DFIngredientModelBuilder.swift */; };
		0111B16A1FBAB56B003CBD9B /* DFIngredientModelBuilderTests.swift in Sources */ = {isa = PBXBuildFile; fileRef = 0111B1691FBAB56B003CBD9B /* DFIngredientModelBuilderTests.swift */; };
		013BB1C81FB6C44B00768857 /* DFRecipe.swift in Sources */ = {isa = PBXBuildFile; fileRef = 013BB1C71FB6C44B00768857 /* DFRecipe.swift */; };
		013BB1CA1FB6C60400768857 /* DFRecipeTests.swift in Sources */ = {isa = PBXBuildFile; fileRef = 013BB1C91FB6C60400768857 /* DFRecipeTests.swift */; };
		014AB0DF1FABAC1D006ABF3E /* DFMeasurementTests.swift in Sources */ = {isa = PBXBuildFile; fileRef = 014AB0DE1FABAC1D006ABF3E /* DFMeasurementTests.swift */; };
		015119591FABC8DF005EEC71 /* DFIngredientModel.swift in Sources */ = {isa = PBXBuildFile; fileRef = 015119581FABC8DF005EEC71 /* DFIngredientModel.swift */; };
		0151195B1FABD169005EEC71 /* DFSupportedMeasurementUnitsRow.swift in Sources */ = {isa = PBXBuildFile; fileRef = 0151195A1FABD169005EEC71 /* DFSupportedMeasurementUnitsRow.swift */; };
		0151195F1FAD4B2C005EEC71 /* DFIngredientViewModelTests.swift in Sources */ = {isa = PBXBuildFile; fileRef = 0151195E1FAD4B2C005EEC71 /* DFIngredientViewModelTests.swift */; };
		01850F6A1FAB9EDE00837AC6 /* DFMeasurement.swift in Sources */ = {isa = PBXBuildFile; fileRef = 01850F691FAB9EDE00837AC6 /* DFMeasurement.swift */; };
		01AD5CD31FBBBEC400AFF066 /* DFRecipeBuilder.swift in Sources */ = {isa = PBXBuildFile; fileRef = 01AD5CD21FBBBEC400AFF066 /* DFRecipeBuilder.swift */; };
		01C704BA1FAA617E0001BFBD /* AppDelegate.swift in Sources */ = {isa = PBXBuildFile; fileRef = 01C704B91FAA617E0001BFBD /* AppDelegate.swift */; };
		01C704BC1FAA617E0001BFBD /* DFCalculatorViewController.swift in Sources */ = {isa = PBXBuildFile; fileRef = 01C704BB1FAA617E0001BFBD /* DFCalculatorViewController.swift */; };
		01C704BF1FAA617E0001BFBD /* Main.storyboard in Resources */ = {isa = PBXBuildFile; fileRef = 01C704BD1FAA617E0001BFBD /* Main.storyboard */; };
		01C704C11FAA617E0001BFBD /* Assets.xcassets in Resources */ = {isa = PBXBuildFile; fileRef = 01C704C01FAA617E0001BFBD /* Assets.xcassets */; };
		01C704C41FAA617E0001BFBD /* LaunchScreen.storyboard in Resources */ = {isa = PBXBuildFile; fileRef = 01C704C21FAA617E0001BFBD /* LaunchScreen.storyboard */; };
		01C704D01FAA78910001BFBD /* DFIngredientCollectionViewDataSource.swift in Sources */ = {isa = PBXBuildFile; fileRef = 01C704CF1FAA78910001BFBD /* DFIngredientCollectionViewDataSource.swift */; };
		01C704D21FAA7C2B0001BFBD /* DFCalculatorCollectionViewCell.swift in Sources */ = {isa = PBXBuildFile; fileRef = 01C704D11FAA7C2B0001BFBD /* DFCalculatorCollectionViewCell.swift */; };
		01F9D8661FBC07A6001F9F69 /* DFRecipeCollectionViewDataSource.swift in Sources */ = {isa = PBXBuildFile; fileRef = 01F9D8651FBC07A6001F9F69 /* DFRecipeCollectionViewDataSource.swift */; };
		01F9D8681FBC0AB5001F9F69 /* DFRecipeIngredientCollectionViewCell.swift in Sources */ = {isa = PBXBuildFile; fileRef = 01F9D8671FBC0AB4001F9F69 /* DFRecipeIngredientCollectionViewCell.swift */; };
/* End PBXBuildFile section */

/* Begin PBXContainerItemProxy section */
		014AB0E11FABAC1D006ABF3E /* PBXContainerItemProxy */ = {
			isa = PBXContainerItemProxy;
			containerPortal = 01C704AE1FAA617D0001BFBD /* Project object */;
			proxyType = 1;
			remoteGlobalIDString = 01C704B51FAA617E0001BFBD;
			remoteInfo = DogFoodCalculator;
		};
/* End PBXContainerItemProxy section */

/* Begin PBXFileReference section */
		0111B1651FBA334F003CBD9B /* DFIngredientCellViewModel.swift */ = {isa = PBXFileReference; lastKnownFileType = sourcecode.swift; path = DFIngredientCellViewModel.swift; sourceTree = "<group>"; };
		0111B1671FBA3A21003CBD9B /* DFIngredientModelBuilder.swift */ = {isa = PBXFileReference; lastKnownFileType = sourcecode.swift; path = DFIngredientModelBuilder.swift; sourceTree = "<group>"; };
		0111B1691FBAB56B003CBD9B /* DFIngredientModelBuilderTests.swift */ = {isa = PBXFileReference; lastKnownFileType = sourcecode.swift; path = DFIngredientModelBuilderTests.swift; sourceTree = "<group>"; };
		013BB1C71FB6C44B00768857 /* DFRecipe.swift */ = {isa = PBXFileReference; lastKnownFileType = sourcecode.swift; path = DFRecipe.swift; sourceTree = "<group>"; };
		013BB1C91FB6C60400768857 /* DFRecipeTests.swift */ = {isa = PBXFileReference; lastKnownFileType = sourcecode.swift; path = DFRecipeTests.swift; sourceTree = "<group>"; };
		014AB0DC1FABAC1D006ABF3E /* DogFoodCalculatorTests.xctest */ = {isa = PBXFileReference; explicitFileType = wrapper.cfbundle; includeInIndex = 0; path = DogFoodCalculatorTests.xctest; sourceTree = BUILT_PRODUCTS_DIR; };
		014AB0DE1FABAC1D006ABF3E /* DFMeasurementTests.swift */ = {isa = PBXFileReference; lastKnownFileType = sourcecode.swift; path = DFMeasurementTests.swift; sourceTree = "<group>"; };
		014AB0E01FABAC1D006ABF3E /* Info.plist */ = {isa = PBXFileReference; lastKnownFileType = text.plist.xml; path = Info.plist; sourceTree = "<group>"; };
		015119581FABC8DF005EEC71 /* DFIngredientModel.swift */ = {isa = PBXFileReference; lastKnownFileType = sourcecode.swift; path = DFIngredientModel.swift; sourceTree = "<group>"; };
		0151195A1FABD169005EEC71 /* DFSupportedMeasurementUnitsRow.swift */ = {isa = PBXFileReference; lastKnownFileType = sourcecode.swift; path = DFSupportedMeasurementUnitsRow.swift; sourceTree = "<group>"; };
		0151195E1FAD4B2C005EEC71 /* DFIngredientViewModelTests.swift */ = {isa = PBXFileReference; lastKnownFileType = sourcecode.swift; path = DFIngredientViewModelTests.swift; sourceTree = "<group>"; };
		01850F691FAB9EDE00837AC6 /* DFMeasurement.swift */ = {isa = PBXFileReference; lastKnownFileType = sourcecode.swift; name = DFMeasurement.swift; path = DogFoodCalculator/DataAndModels/DFMeasurement.swift; sourceTree = SOURCE_ROOT; };
		01AD5CD21FBBBEC400AFF066 /* DFRecipeBuilder.swift */ = {isa = PBXFileReference; lastKnownFileType = sourcecode.swift; path = DFRecipeBuilder.swift; sourceTree = "<group>"; };
		01C704B61FAA617E0001BFBD /* DogFoodCalculator.app */ = {isa = PBXFileReference; explicitFileType = wrapper.application; includeInIndex = 0; path = DogFoodCalculator.app; sourceTree = BUILT_PRODUCTS_DIR; };
		01C704B91FAA617E0001BFBD /* AppDelegate.swift */ = {isa = PBXFileReference; lastKnownFileType = sourcecode.swift; path = AppDelegate.swift; sourceTree = "<group>"; };
		01C704BB1FAA617E0001BFBD /* DFCalculatorViewController.swift */ = {isa = PBXFileReference; lastKnownFileType = sourcecode.swift; path = DFCalculatorViewController.swift; sourceTree = "<group>"; };
		01C704BE1FAA617E0001BFBD /* Base */ = {isa = PBXFileReference; lastKnownFileType = file.storyboard; name = Base; path = Base.lproj/Main.storyboard; sourceTree = "<group>"; };
		01C704C01FAA617E0001BFBD /* Assets.xcassets */ = {isa = PBXFileReference; lastKnownFileType = folder.assetcatalog; path = Assets.xcassets; sourceTree = "<group>"; };
		01C704C31FAA617E0001BFBD /* Base */ = {isa = PBXFileReference; lastKnownFileType = file.storyboard; name = Base; path = Base.lproj/LaunchScreen.storyboard; sourceTree = "<group>"; };
		01C704C51FAA617E0001BFBD /* Info.plist */ = {isa = PBXFileReference; lastKnownFileType = text.plist.xml; path = Info.plist; sourceTree = "<group>"; };
		01C704CF1FAA78910001BFBD /* DFIngredientCollectionViewDataSource.swift */ = {isa = PBXFileReference; lastKnownFileType = sourcecode.swift; path = DFIngredientCollectionViewDataSource.swift; sourceTree = "<group>"; };
		01C704D11FAA7C2B0001BFBD /* DFCalculatorCollectionViewCell.swift */ = {isa = PBXFileReference; lastKnownFileType = sourcecode.swift; path = DFCalculatorCollectionViewCell.swift; sourceTree = "<group>"; };
		01F9D8651FBC07A6001F9F69 /* DFRecipeCollectionViewDataSource.swift */ = {isa = PBXFileReference; lastKnownFileType = sourcecode.swift; path = DFRecipeCollectionViewDataSource.swift; sourceTree = "<group>"; };
		01F9D8671FBC0AB4001F9F69 /* DFRecipeIngredientCollectionViewCell.swift */ = {isa = PBXFileReference; lastKnownFileType = sourcecode.swift; path = DFRecipeIngredientCollectionViewCell.swift; sourceTree = "<group>"; };
/* End PBXFileReference section */

/* Begin PBXFrameworksBuildPhase section */
		014AB0D91FABAC1D006ABF3E /* Frameworks */ = {
			isa = PBXFrameworksBuildPhase;
			buildActionMask = 2147483647;
			files = (
			);
			runOnlyForDeploymentPostprocessing = 0;
		};
		01C704B31FAA617E0001BFBD /* Frameworks */ = {
			isa = PBXFrameworksBuildPhase;
			buildActionMask = 2147483647;
			files = (
			);
			runOnlyForDeploymentPostprocessing = 0;
		};
/* End PBXFrameworksBuildPhase section */

/* Begin PBXGroup section */
		014AB0DD1FABAC1D006ABF3E /* DogFoodCalculatorTests */ = {
			isa = PBXGroup;
			children = (
				0111B1691FBAB56B003CBD9B /* DFIngredientModelBuilderTests.swift */,
				013BB1C91FB6C60400768857 /* DFRecipeTests.swift */,
				0151195E1FAD4B2C005EEC71 /* DFIngredientViewModelTests.swift */,
				014AB0DE1FABAC1D006ABF3E /* DFMeasurementTests.swift */,
				014AB0E01FABAC1D006ABF3E /* Info.plist */,
			);
			path = DogFoodCalculatorTests;
			sourceTree = "<group>";
		};
		01C704AD1FAA617D0001BFBD = {
			isa = PBXGroup;
			children = (
				01C704B81FAA617E0001BFBD /* DogFoodCalculator */,
				014AB0DD1FABAC1D006ABF3E /* DogFoodCalculatorTests */,
				01C704B71FAA617E0001BFBD /* Products */,
			);
			sourceTree = "<group>";
		};
		01C704B71FAA617E0001BFBD /* Products */ = {
			isa = PBXGroup;
			children = (
				01C704B61FAA617E0001BFBD /* DogFoodCalculator.app */,
				014AB0DC1FABAC1D006ABF3E /* DogFoodCalculatorTests.xctest */,
			);
			name = Products;
			sourceTree = "<group>";
		};
		01C704B81FAA617E0001BFBD /* DogFoodCalculator */ = {
			isa = PBXGroup;
			children = (
				01C704BD1FAA617E0001BFBD /* Main.storyboard */,
				01C704C01FAA617E0001BFBD /* Assets.xcassets */,
				01C704C21FAA617E0001BFBD /* LaunchScreen.storyboard */,
				01C704C51FAA617E0001BFBD /* Info.plist */,
				01C704CE1FAA78600001BFBD /* DataAndModels */,
				01C704CD1FAA78570001BFBD /* Views */,
				01C704CB1FAA78370001BFBD /* Controllers */,
			);
			path = DogFoodCalculator;
			sourceTree = "<group>";
		};
		01C704CB1FAA78370001BFBD /* Controllers */ = {
			isa = PBXGroup;
			children = (
				01AD5CD21FBBBEC400AFF066 /* DFRecipeBuilder.swift */,
				01C704B91FAA617E0001BFBD /* AppDelegate.swift */,
				01C704BB1FAA617E0001BFBD /* DFCalculatorViewController.swift */,
			);
			path = Controllers;
			sourceTree = "<group>";
		};
		01C704CD1FAA78570001BFBD /* Views */ = {
			isa = PBXGroup;
			children = (
				01F9D8671FBC0AB4001F9F69 /* DFRecipeIngredientCollectionViewCell.swift */,
				0151195A1FABD169005EEC71 /* DFSupportedMeasurementUnitsRow.swift */,
				01C704D11FAA7C2B0001BFBD /* DFCalculatorCollectionViewCell.swift */,
			);
			path = Views;
			sourceTree = "<group>";
		};
		01C704CE1FAA78600001BFBD /* DataAndModels */ = {
			isa = PBXGroup;
			children = (
				01F9D8651FBC07A6001F9F69 /* DFRecipeCollectionViewDataSource.swift */,
				0111B1671FBA3A21003CBD9B /* DFIngredientModelBuilder.swift */,
				013BB1C71FB6C44B00768857 /* DFRecipe.swift */,
				01C704CF1FAA78910001BFBD /* DFIngredientCollectionViewDataSource.swift */,
				01850F691FAB9EDE00837AC6 /* DFMeasurement.swift */,
				015119581FABC8DF005EEC71 /* DFIngredientModel.swift */,
				0111B1651FBA334F003CBD9B /* DFIngredientCellViewModel.swift */,
			);
			path = DataAndModels;
			sourceTree = "<group>";
		};
/* End PBXGroup section */

/* Begin PBXNativeTarget section */
		014AB0DB1FABAC1D006ABF3E /* DogFoodCalculatorTests */ = {
			isa = PBXNativeTarget;
			buildConfigurationList = 014AB0E31FABAC1D006ABF3E /* Build configuration list for PBXNativeTarget "DogFoodCalculatorTests" */;
			buildPhases = (
				014AB0D81FABAC1D006ABF3E /* Sources */,
				014AB0D91FABAC1D006ABF3E /* Frameworks */,
				014AB0DA1FABAC1D006ABF3E /* Resources */,
			);
			buildRules = (
			);
			dependencies = (
				014AB0E21FABAC1D006ABF3E /* PBXTargetDependency */,
			);
			name = DogFoodCalculatorTests;
			productName = DogFoodCalculatorTests;
			productReference = 014AB0DC1FABAC1D006ABF3E /* DogFoodCalculatorTests.xctest */;
			productType = "com.apple.product-type.bundle.unit-test";
		};
		01C704B51FAA617E0001BFBD /* DogFoodCalculator */ = {
			isa = PBXNativeTarget;
			buildConfigurationList = 01C704C81FAA617E0001BFBD /* Build configuration list for PBXNativeTarget "DogFoodCalculator" */;
			buildPhases = (
				01C704B21FAA617E0001BFBD /* Sources */,
				01C704B31FAA617E0001BFBD /* Frameworks */,
				01C704B41FAA617E0001BFBD /* Resources */,
			);
			buildRules = (
			);
			dependencies = (
			);
			name = DogFoodCalculator;
			productName = DogFoodCalculator;
			productReference = 01C704B61FAA617E0001BFBD /* DogFoodCalculator.app */;
			productType = "com.apple.product-type.application";
		};
/* End PBXNativeTarget section */

/* Begin PBXProject section */
		01C704AE1FAA617D0001BFBD /* Project object */ = {
			isa = PBXProject;
			attributes = {
				LastSwiftUpdateCheck = 0900;
				LastUpgradeCheck = 0900;
				ORGANIZATIONNAME = "Roshan Goli";
				TargetAttributes = {
					014AB0DB1FABAC1D006ABF3E = {
						CreatedOnToolsVersion = 9.0.1;
						ProvisioningStyle = Automatic;
						TestTargetID = 01C704B51FAA617E0001BFBD;
					};
					01C704B51FAA617E0001BFBD = {
						CreatedOnToolsVersion = 9.0.1;
						ProvisioningStyle = Automatic;
					};
				};
			};
			buildConfigurationList = 01C704B11FAA617D0001BFBD /* Build configuration list for PBXProject "DogFoodCalculator" */;
			compatibilityVersion = "Xcode 8.0";
			developmentRegion = en;
			hasScannedForEncodings = 0;
			knownRegions = (
				en,
				Base,
			);
			mainGroup = 01C704AD1FAA617D0001BFBD;
			productRefGroup = 01C704B71FAA617E0001BFBD /* Products */;
			projectDirPath = "";
			projectRoot = "";
			targets = (
				01C704B51FAA617E0001BFBD /* DogFoodCalculator */,
				014AB0DB1FABAC1D006ABF3E /* DogFoodCalculatorTests */,
			);
		};
/* End PBXProject section */

/* Begin PBXResourcesBuildPhase section */
		014AB0DA1FABAC1D006ABF3E /* Resources */ = {
			isa = PBXResourcesBuildPhase;
			buildActionMask = 2147483647;
			files = (
			);
			runOnlyForDeploymentPostprocessing = 0;
		};
		01C704B41FAA617E0001BFBD /* Resources */ = {
			isa = PBXResourcesBuildPhase;
			buildActionMask = 2147483647;
			files = (
				01C704C41FAA617E0001BFBD /* LaunchScreen.storyboard in Resources */,
				01C704C11FAA617E0001BFBD /* Assets.xcassets in Resources */,
				01C704BF1FAA617E0001BFBD /* Main.storyboard in Resources */,
			);
			runOnlyForDeploymentPostprocessing = 0;
		};
/* End PBXResourcesBuildPhase section */

/* Begin PBXSourcesBuildPhase section */
		014AB0D81FABAC1D006ABF3E /* Sources */ = {
			isa = PBXSourcesBuildPhase;
			buildActionMask = 2147483647;
			files = (
				0111B16A1FBAB56B003CBD9B /* DFIngredientModelBuilderTests.swift in Sources */,
				013BB1CA1FB6C60400768857 /* DFRecipeTests.swift in Sources */,
				0151195F1FAD4B2C005EEC71 /* DFIngredientViewModelTests.swift in Sources */,
				014AB0DF1FABAC1D006ABF3E /* DFMeasurementTests.swift in Sources */,
			);
			runOnlyForDeploymentPostprocessing = 0;
		};
		01C704B21FAA617E0001BFBD /* Sources */ = {
			isa = PBXSourcesBuildPhase;
			buildActionMask = 2147483647;
			files = (
				01AD5CD31FBBBEC400AFF066 /* DFRecipeBuilder.swift in Sources */,
				01F9D8681FBC0AB5001F9F69 /* DFRecipeIngredientCollectionViewCell.swift in Sources */,
				015119591FABC8DF005EEC71 /* DFIngredientModel.swift in Sources */,
				01C704BC1FAA617E0001BFBD /* DFCalculatorViewController.swift in Sources */,
				01C704BA1FAA617E0001BFBD /* AppDelegate.swift in Sources */,
				013BB1C81FB6C44B00768857 /* DFRecipe.swift in Sources */,
				0151195B1FABD169005EEC71 /* DFSupportedMeasurementUnitsRow.swift in Sources */,
				0111B1661FBA334F003CBD9B /* DFIngredientCellViewModel.swift in Sources */,
				0111B1681FBA3A21003CBD9B /* DFIngredientModelBuilder.swift in Sources */,
				01C704D21FAA7C2B0001BFBD /* DFCalculatorCollectionViewCell.swift in Sources */,
				01F9D8661FBC07A6001F9F69 /* DFRecipeCollectionViewDataSource.swift in Sources */,
				01850F6A1FAB9EDE00837AC6 /* DFMeasurement.swift in Sources */,
				01C704D01FAA78910001BFBD /* DFIngredientCollectionViewDataSource.swift in Sources */,
			);
			runOnlyForDeploymentPostprocessing = 0;
		};
/* End PBXSourcesBuildPhase section */

/* Begin PBXTargetDependency section */
		014AB0E21FABAC1D006ABF3E /* PBXTargetDependency */ = {
			isa = PBXTargetDependency;
			target = 01C704B51FAA617E0001BFBD /* DogFoodCalculator */;
			targetProxy = 014AB0E11FABAC1D006ABF3E /* PBXContainerItemProxy */;
		};
/* End PBXTargetDependency section */

/* Begin PBXVariantGroup section */
		01C704BD1FAA617E0001BFBD /* Main.storyboard */ = {
			isa = PBXVariantGroup;
			children = (
				01C704BE1FAA617E0001BFBD /* Base */,
			);
			name = Main.storyboard;
			sourceTree = "<group>";
		};
		01C704C21FAA617E0001BFBD /* LaunchScreen.storyboard */ = {
			isa = PBXVariantGroup;
			children = (
				01C704C31FAA617E0001BFBD /* Base */,
			);
			name = LaunchScreen.storyboard;
			sourceTree = "<group>";
		};
/* End PBXVariantGroup section */

/* Begin XCBuildConfiguration section */
		014AB0E41FABAC1D006ABF3E /* Debug */ = {
			isa = XCBuildConfiguration;
			buildSettings = {
				BUNDLE_LOADER = "$(TEST_HOST)";
				CODE_SIGN_STYLE = Automatic;
				DEVELOPMENT_TEAM = Y3QN5VQT38;
				INFOPLIST_FILE = DogFoodCalculatorTests/Info.plist;
				LD_RUNPATH_SEARCH_PATHS = "$(inherited) @executable_path/Frameworks @loader_path/Frameworks";
				PRODUCT_BUNDLE_IDENTIFIER = com.roshan.DogFoodCalculatorTests;
				PRODUCT_NAME = "$(TARGET_NAME)";
				SWIFT_VERSION = 4.0;
				TARGETED_DEVICE_FAMILY = "1,2";
				TEST_HOST = "$(BUILT_PRODUCTS_DIR)/DogFoodCalculator.app/DogFoodCalculator";
			};
			name = Debug;
		};
		014AB0E51FABAC1D006ABF3E /* Release */ = {
			isa = XCBuildConfiguration;
			buildSettings = {
				BUNDLE_LOADER = "$(TEST_HOST)";
				CODE_SIGN_STYLE = Automatic;
				DEVELOPMENT_TEAM = Y3QN5VQT38;
				INFOPLIST_FILE = DogFoodCalculatorTests/Info.plist;
				LD_RUNPATH_SEARCH_PATHS = "$(inherited) @executable_path/Frameworks @loader_path/Frameworks";
				PRODUCT_BUNDLE_IDENTIFIER = com.roshan.DogFoodCalculatorTests;
				PRODUCT_NAME = "$(TARGET_NAME)";
				SWIFT_VERSION = 4.0;
				TARGETED_DEVICE_FAMILY = "1,2";
				TEST_HOST = "$(BUILT_PRODUCTS_DIR)/DogFoodCalculator.app/DogFoodCalculator";
			};
			name = Release;
		};
		01C704C61FAA617E0001BFBD /* Debug */ = {
			isa = XCBuildConfiguration;
			buildSettings = {
				ALWAYS_SEARCH_USER_PATHS = NO;
				CLANG_ANALYZER_NONNULL = YES;
				CLANG_ANALYZER_NUMBER_OBJECT_CONVERSION = YES_AGGRESSIVE;
				CLANG_CXX_LANGUAGE_STANDARD = "gnu++14";
				CLANG_CXX_LIBRARY = "libc++";
				CLANG_ENABLE_MODULES = YES;
				CLANG_ENABLE_OBJC_ARC = YES;
				CLANG_WARN_BLOCK_CAPTURE_AUTORELEASING = YES;
				CLANG_WARN_BOOL_CONVERSION = YES;
				CLANG_WARN_COMMA = YES;
				CLANG_WARN_CONSTANT_CONVERSION = YES;
				CLANG_WARN_DIRECT_OBJC_ISA_USAGE = YES_ERROR;
				CLANG_WARN_DOCUMENTATION_COMMENTS = YES;
				CLANG_WARN_EMPTY_BODY = YES;
				CLANG_WARN_ENUM_CONVERSION = YES;
				CLANG_WARN_INFINITE_RECURSION = YES;
				CLANG_WARN_INT_CONVERSION = YES;
				CLANG_WARN_NON_LITERAL_NULL_CONVERSION = YES;
				CLANG_WARN_OBJC_LITERAL_CONVERSION = YES;
				CLANG_WARN_OBJC_ROOT_CLASS = YES_ERROR;
				CLANG_WARN_RANGE_LOOP_ANALYSIS = YES;
				CLANG_WARN_STRICT_PROTOTYPES = YES;
				CLANG_WARN_SUSPICIOUS_MOVE = YES;
				CLANG_WARN_UNGUARDED_AVAILABILITY = YES_AGGRESSIVE;
				CLANG_WARN_UNREACHABLE_CODE = YES;
				CLANG_WARN__DUPLICATE_METHOD_MATCH = YES;
				CODE_SIGN_IDENTITY = "iPhone Developer";
				COPY_PHASE_STRIP = NO;
				DEBUG_INFORMATION_FORMAT = dwarf;
				ENABLE_STRICT_OBJC_MSGSEND = YES;
				ENABLE_TESTABILITY = YES;
				GCC_C_LANGUAGE_STANDARD = gnu11;
				GCC_DYNAMIC_NO_PIC = NO;
				GCC_NO_COMMON_BLOCKS = YES;
				GCC_OPTIMIZATION_LEVEL = 0;
				GCC_PREPROCESSOR_DEFINITIONS = (
					"DEBUG=1",
					"$(inherited)",
				);
				GCC_WARN_64_TO_32_BIT_CONVERSION = YES;
				GCC_WARN_ABOUT_RETURN_TYPE = YES_ERROR;
				GCC_WARN_UNDECLARED_SELECTOR = YES;
				GCC_WARN_UNINITIALIZED_AUTOS = YES_AGGRESSIVE;
				GCC_WARN_UNUSED_FUNCTION = YES;
				GCC_WARN_UNUSED_VARIABLE = YES;
				IPHONEOS_DEPLOYMENT_TARGET = 11.0;
				MTL_ENABLE_DEBUG_INFO = YES;
				ONLY_ACTIVE_ARCH = YES;
				SDKROOT = iphoneos;
				SWIFT_ACTIVE_COMPILATION_CONDITIONS = DEBUG;
				SWIFT_OPTIMIZATION_LEVEL = "-Onone";
			};
			name = Debug;
		};
		01C704C71FAA617E0001BFBD /* Release */ = {
			isa = XCBuildConfiguration;
			buildSettings = {
				ALWAYS_SEARCH_USER_PATHS = NO;
				CLANG_ANALYZER_NONNULL = YES;
				CLANG_ANALYZER_NUMBER_OBJECT_CONVERSION = YES_AGGRESSIVE;
				CLANG_CXX_LANGUAGE_STANDARD = "gnu++14";
				CLANG_CXX_LIBRARY = "libc++";
				CLANG_ENABLE_MODULES = YES;
				CLANG_ENABLE_OBJC_ARC = YES;
				CLANG_WARN_BLOCK_CAPTURE_AUTORELEASING = YES;
				CLANG_WARN_BOOL_CONVERSION = YES;
				CLANG_WARN_COMMA = YES;
				CLANG_WARN_CONSTANT_CONVERSION = YES;
				CLANG_WARN_DIRECT_OBJC_ISA_USAGE = YES_ERROR;
				CLANG_WARN_DOCUMENTATION_COMMENTS = YES;
				CLANG_WARN_EMPTY_BODY = YES;
				CLANG_WARN_ENUM_CONVERSION = YES;
				CLANG_WARN_INFINITE_RECURSION = YES;
				CLANG_WARN_INT_CONVERSION = YES;
				CLANG_WARN_NON_LITERAL_NULL_CONVERSION = YES;
				CLANG_WARN_OBJC_LITERAL_CONVERSION = YES;
				CLANG_WARN_OBJC_ROOT_CLASS = YES_ERROR;
				CLANG_WARN_RANGE_LOOP_ANALYSIS = YES;
				CLANG_WARN_STRICT_PROTOTYPES = YES;
				CLANG_WARN_SUSPICIOUS_MOVE = YES;
				CLANG_WARN_UNGUARDED_AVAILABILITY = YES_AGGRESSIVE;
				CLANG_WARN_UNREACHABLE_CODE = YES;
				CLANG_WARN__DUPLICATE_METHOD_MATCH = YES;
				CODE_SIGN_IDENTITY = "iPhone Developer";
				COPY_PHASE_STRIP = NO;
				DEBUG_INFORMATION_FORMAT = "dwarf-with-dsym";
				ENABLE_NS_ASSERTIONS = NO;
				ENABLE_STRICT_OBJC_MSGSEND = YES;
				GCC_C_LANGUAGE_STANDARD = gnu11;
				GCC_NO_COMMON_BLOCKS = YES;
				GCC_WARN_64_TO_32_BIT_CONVERSION = YES;
				GCC_WARN_ABOUT_RETURN_TYPE = YES_ERROR;
				GCC_WARN_UNDECLARED_SELECTOR = YES;
				GCC_WARN_UNINITIALIZED_AUTOS = YES_AGGRESSIVE;
				GCC_WARN_UNUSED_FUNCTION = YES;
				GCC_WARN_UNUSED_VARIABLE = YES;
				IPHONEOS_DEPLOYMENT_TARGET = 11.0;
				MTL_ENABLE_DEBUG_INFO = NO;
				SDKROOT = iphoneos;
				SWIFT_OPTIMIZATION_LEVEL = "-Owholemodule";
				VALIDATE_PRODUCT = YES;
			};
			name = Release;
		};
		01C704C91FAA617E0001BFBD /* Debug */ = {
			isa = XCBuildConfiguration;
			buildSettings = {
				ASSETCATALOG_COMPILER_APPICON_NAME = AppIcon;
				CODE_SIGN_STYLE = Automatic;
				DEVELOPMENT_TEAM = Y3QN5VQT38;
				INFOPLIST_FILE = DogFoodCalculator/Info.plist;
				LD_RUNPATH_SEARCH_PATHS = "$(inherited) @executable_path/Frameworks";
				PRODUCT_BUNDLE_IDENTIFIER = com.roshan.DogFoodCalculator;
				PRODUCT_NAME = "$(TARGET_NAME)";
				SWIFT_VERSION = 4.0;
				TARGETED_DEVICE_FAMILY = "1,2";
			};
			name = Debug;
		};
		01C704CA1FAA617E0001BFBD /* Release */ = {
			isa = XCBuildConfiguration;
			buildSettings = {
				ASSETCATALOG_COMPILER_APPICON_NAME = AppIcon;
				CODE_SIGN_STYLE = Automatic;
				DEVELOPMENT_TEAM = Y3QN5VQT38;
				INFOPLIST_FILE = DogFoodCalculator/Info.plist;
				LD_RUNPATH_SEARCH_PATHS = "$(inherited) @executable_path/Frameworks";
				PRODUCT_BUNDLE_IDENTIFIER = com.roshan.DogFoodCalculator;
				PRODUCT_NAME = "$(TARGET_NAME)";
				SWIFT_VERSION = 4.0;
				TARGETED_DEVICE_FAMILY = "1,2";
			};
			name = Release;
		};
/* End XCBuildConfiguration section */

/* Begin XCConfigurationList section */
		014AB0E31FABAC1D006ABF3E /* Build configuration list for PBXNativeTarget "DogFoodCalculatorTests" */ = {
			isa = XCConfigurationList;
			buildConfigurations = (
				014AB0E41FABAC1D006ABF3E /* Debug */,
				014AB0E51FABAC1D006ABF3E /* Release */,
			);
			defaultConfigurationIsVisible = 0;
			defaultConfigurationName = Release;
		};
		01C704B11FAA617D0001BFBD /* Build configuration list for PBXProject "DogFoodCalculator" */ = {
			isa = XCConfigurationList;
			buildConfigurations = (
				01C704C61FAA617E0001BFBD /* Debug */,
				01C704C71FAA617E0001BFBD /* Release */,
			);
			defaultConfigurationIsVisible = 0;
			defaultConfigurationName = Release;
		};
		01C704C81FAA617E0001BFBD /* Build configuration list for PBXNativeTarget "DogFoodCalculator" */ = {
			isa = XCConfigurationList;
			buildConfigurations = (
				01C704C91FAA617E0001BFBD /* Debug */,
				01C704CA1FAA617E0001BFBD /* Release */,
			);
			defaultConfigurationIsVisible = 0;
			defaultConfigurationName = Release;
		};
/* End XCConfigurationList section */
	};
	rootObject = 01C704AE1FAA617D0001BFBD /* Project object */;
}
